
Microsoft Visual Studio Solution File, Format Version 12.00
# Visual Studio Version 16
VisualStudioVersion = 16.0.29020.237
MinimumVisualStudioVersion = 10.0.40219.1
Project("{FAE04EC0-301F-11D3-BF4B-00C04F79EFBC}") = "dotnetcore_json", "dotnetcore_json\dotnetcore_json.csproj", "{68A09655-92FF-4BEB-BA67-F3B1B3AE649B}"
EndProject
Global
	GlobalSection(SolutionConfigurationPlatforms) = preSolution
		Debug|Any CPU = Debug|Any CPU
		Release|Any CPU = Release|Any CPU
	EndGlobalSection
	GlobalSection(ProjectConfigurationPlatforms) = postSolution
		{68A09655-92FF-4BEB-BA67-F3B1B3AE649B}.Debug|Any CPU.ActiveCfg = Debug|Any CPU
		{68A09655-92FF-4BEB-BA67-F3B1B3AE649B}.Debug|Any CPU.Build.0 = Debug|Any CPU
		{68A09655-92FF-4BEB-BA67-F3B1B3AE649B}.Release|Any CPU.ActiveCfg = Release|Any CPU
		{68A09655-92FF-4BEB-BA67-F3B1B3AE649B}.Release|Any CPU.Build.0 = Release|Any CPU
	EndGlobalSection
	GlobalSection(SolutionProperties) = preSolution
		HideSolutionNode = FALSE
	EndGlobalSection
	GlobalSection(ExtensibilityGlobals) = postSolution
		SolutionGuid = {A79E3348-16B4-41AE-8C7D-6757B9BA4565}
	EndGlobalSection
EndGlobal
